// !$*UTF8*$!
{
	archiveVersion = 1;
	classes = {
	};
	objectVersion = 46;
	objects = {

/* Begin PBXBuildFile section */
		8460C47F1B412BB600A8A177 /* main.m in Sources */ = {isa = PBXBuildFile; fileRef = 8460C47E1B412BB600A8A177 /* main.m */; };
		8460C4821B412BB600A8A177 /* AppDelegate.m in Sources */ = {isa = PBXBuildFile; fileRef = 8460C4811B412BB600A8A177 /* AppDelegate.m */; };
		8460C4851B412BB600A8A177 /* ViewController.m in Sources */ = {isa = PBXBuildFile; fileRef = 8460C4841B412BB600A8A177 /* ViewController.m */; };
		8460C4881B412BB600A8A177 /* Main.storyboard in Resources */ = {isa = PBXBuildFile; fileRef = 8460C4861B412BB600A8A177 /* Main.storyboard */; };
		8460C48A1B412BB600A8A177 /* Images.xcassets in Resources */ = {isa = PBXBuildFile; fileRef = 8460C4891B412BB600A8A177 /* Images.xcassets */; };
		8460C48D1B412BB600A8A177 /* LaunchScreen.xib in Resources */ = {isa = PBXBuildFile; fileRef = 8460C48B1B412BB600A8A177 /* LaunchScreen.xib */; };
		8460C4991B412BB600A8A177 /* CycledViewTests.m in Sources */ = {isa = PBXBuildFile; fileRef = 8460C4981B412BB600A8A177 /* CycledViewTests.m */; };
		847228A51B413E4A009599A2 /* CycledViewController.m in Sources */ = {isa = PBXBuildFile; fileRef = 847228A41B413E4A009599A2 /* CycledViewController.m */; };
		847228A81B413EAC009599A2 /* CycledView.m in Sources */ = {isa = PBXBuildFile; fileRef = 847228A71B413EAC009599A2 /* CycledView.m */; };
/* End PBXBuildFile section */

/* Begin PBXContainerItemProxy section */
		8460C4931B412BB600A8A177 /* PBXContainerItemProxy */ = {
			isa = PBXContainerItemProxy;
			containerPortal = 8460C4711B412BB600A8A177 /* Project object */;
			proxyType = 1;
			remoteGlobalIDString = 8460C4781B412BB600A8A177;
			remoteInfo = CycledView;
		};
/* End PBXContainerItemProxy section */

/* Begin PBXFileReference section */
		8460C4791B412BB600A8A177 /* CycledView.app */ = {isa = PBXFileReference; explicitFileType = wrapper.application; includeInIndex = 0; path = CycledView.app; sourceTree = BUILT_PRODUCTS_DIR; };
		8460C47D1B412BB600A8A177 /* Info.plist */ = {isa = PBXFileReference; lastKnownFileType = text.plist.xml; path = Info.plist; sourceTree = "<group>"; };
		8460C47E1B412BB600A8A177 /* main.m */ = {isa = PBXFileReference; lastKnownFileType = sourcecode.c.objc; path = main.m; sourceTree = "<group>"; };
		8460C4801B412BB600A8A177 /* AppDelegate.h */ = {isa = PBXFileReference; lastKnownFileType = sourcecode.c.h; path = AppDelegate.h; sourceTree = "<group>"; };
		8460C4811B412BB600A8A177 /* AppDelegate.m */ = {isa = PBXFileReference; lastKnownFileType = sourcecode.c.objc; path = AppDelegate.m; sourceTree = "<group>"; };
		8460C4831B412BB600A8A177 /* ViewController.h */ = {isa = PBXFileReference; lastKnownFileType = sourcecode.c.h; path = ViewController.h; sourceTree = "<group>"; };
		8460C4841B412BB600A8A177 /* ViewController.m */ = {isa = PBXFileReference; lastKnownFileType = sourcecode.c.objc; path = ViewController.m; sourceTree = "<group>"; };
		8460C4871B412BB600A8A177 /* Base */ = {isa = PBXFileReference; lastKnownFileType = file.storyboard; name = Base; path = Base.lproj/Main.storyboard; sourceTree = "<group>"; };
		8460C4891B412BB600A8A177 /* Images.xcassets */ = {isa = PBXFileReference; lastKnownFileType = folder.assetcatalog; path = Images.xcassets; sourceTree = "<group>"; };
		8460C48C1B412BB600A8A177 /* Base */ = {isa = PBXFileReference; lastKnownFileType = file.xib; name = Base; path = Base.lproj/LaunchScreen.xib; sourceTree = "<group>"; };
		8460C4921B412BB600A8A177 /* CycledViewTests.xctest */ = {isa = PBXFileReference; explicitFileType = wrapper.cfbundle; includeInIndex = 0; path = CycledViewTests.xctest; sourceTree = BUILT_PRODUCTS_DIR; };
		8460C4971B412BB600A8A177 /* Info.plist */ = {isa = PBXFileReference; lastKnownFileType = text.plist.xml; path = Info.plist; sourceTree = "<group>"; };
		8460C4981B412BB600A8A177 /* CycledViewTests.m */ = {isa = PBXFileReference; lastKnownFileType = sourcecode.c.objc; path = CycledViewTests.m; sourceTree = "<group>"; };
		847228A31B413E4A009599A2 /* CycledViewController.h */ = {isa = PBXFileReference; fileEncoding = 4; lastKnownFileType = sourcecode.c.h; path = CycledViewController.h; sourceTree = "<group>"; };
		847228A41B413E4A009599A2 /* CycledViewController.m */ = {isa = PBXFileReference; fileEncoding = 4; lastKnownFileType = sourcecode.c.objc; path = CycledViewController.m; sourceTree = "<group>"; };
		847228A61B413EAC009599A2 /* CycledView.h */ = {isa = PBXFileReference; fileEncoding = 4; lastKnownFileType = sourcecode.c.h; path = CycledView.h; sourceTree = "<group>"; };
		847228A71B413EAC009599A2 /* CycledView.m */ = {isa = PBXFileReference; fileEncoding = 4; lastKnownFileType = sourcecode.c.objc; path = CycledView.m; sourceTree = "<group>"; };
/* End PBXFileReference section */

/* Begin PBXFrameworksBuildPhase section */
		8460C4761B412BB600A8A177 /* Frameworks */ = {
			isa = PBXFrameworksBuildPhase;
			buildActionMask = 2147483647;
			files = (
			);
			runOnlyForDeploymentPostprocessing = 0;
		};
		8460C48F1B412BB600A8A177 /* Frameworks */ = {
			isa = PBXFrameworksBuildPhase;
			buildActionMask = 2147483647;
			files = (
			);
			runOnlyForDeploymentPostprocessing = 0;
		};
/* End PBXFrameworksBuildPhase section */

/* Begin PBXGroup section */
		8460C4701B412BB600A8A177 = {
			isa = PBXGroup;
			children = (
				847228A21B413E26009599A2 /* CycledViewController */,
				8460C47B1B412BB600A8A177 /* CycledView */,
				8460C4951B412BB600A8A177 /* CycledViewTests */,
				8460C47A1B412BB600A8A177 /* Products */,
			);
			sourceTree = "<group>";
		};
		8460C47A1B412BB600A8A177 /* Products */ = {
			isa = PBXGroup;
			children = (
				8460C4791B412BB600A8A177 /* CycledView.app */,
				8460C4921B412BB600A8A177 /* CycledViewTests.xctest */,
			);
			name = Products;
			sourceTree = "<group>";
		};
		8460C47B1B412BB600A8A177 /* CycledView */ = {
			isa = PBXGroup;
			children = (
				8460C4801B412BB600A8A177 /* AppDelegate.h */,
				8460C4811B412BB600A8A177 /* AppDelegate.m */,
				8460C4831B412BB600A8A177 /* ViewController.h */,
				8460C4841B412BB600A8A177 /* ViewController.m */,
				8460C4861B412BB600A8A177 /* Main.storyboard */,
				8460C4891B412BB600A8A177 /* Images.xcassets */,
				8460C48B1B412BB600A8A177 /* LaunchScreen.xib */,
				8460C47C1B412BB600A8A177 /* Supporting Files */,
			);
			path = CycledView;
			sourceTree = "<group>";
		};
		8460C47C1B412BB600A8A177 /* Supporting Files */ = {
			isa = PBXGroup;
			children = (
				8460C47D1B412BB600A8A177 /* Info.plist */,
				8460C47E1B412BB600A8A177 /* main.m */,
			);
			name = "Supporting Files";
			sourceTree = "<group>";
		};
		8460C4951B412BB600A8A177 /* CycledViewTests */ = {
			isa = PBXGroup;
			children = (
				8460C4981B412BB600A8A177 /* CycledViewTests.m */,
				8460C4961B412BB600A8A177 /* Supporting Files */,
			);
			path = CycledViewTests;
			sourceTree = "<group>";
		};
		8460C4961B412BB600A8A177 /* Supporting Files */ = {
			isa = PBXGroup;
			children = (
				8460C4971B412BB600A8A177 /* Info.plist */,
			);
			name = "Supporting Files";
			sourceTree = "<group>";
		};
		847228A21B413E26009599A2 /* CycledViewController */ = {
			isa = PBXGroup;
			children = (
				847228A31B413E4A009599A2 /* CycledViewController.h */,
				847228A41B413E4A009599A2 /* CycledViewController.m */,
				847228A61B413EAC009599A2 /* CycledView.h */,
				847228A71B413EAC009599A2 /* CycledView.m */,
			);
			name = CycledViewController;
			sourceTree = "<group>";
		};
/* End PBXGroup section */

/* Begin PBXNativeTarget section */
		8460C4781B412BB600A8A177 /* CycledView */ = {
			isa = PBXNativeTarget;
			buildConfigurationList = 8460C49C1B412BB600A8A177 /* Build configuration list for PBXNativeTarget "CycledView" */;
			buildPhases = (
				8460C4751B412BB600A8A177 /* Sources */,
				8460C4761B412BB600A8A177 /* Frameworks */,
				8460C4771B412BB600A8A177 /* Resources */,
			);
			buildRules = (
			);
			dependencies = (
			);
			name = CycledView;
			productName = CycledView;
			productReference = 8460C4791B412BB600A8A177 /* CycledView.app */;
			productType = "com.apple.product-type.application";
		};
		8460C4911B412BB600A8A177 /* CycledViewTests */ = {
			isa = PBXNativeTarget;
			buildConfigurationList = 8460C49F1B412BB600A8A177 /* Build configuration list for PBXNativeTarget "CycledViewTests" */;
			buildPhases = (
				8460C48E1B412BB600A8A177 /* Sources */,
				8460C48F1B412BB600A8A177 /* Frameworks */,
				8460C4901B412BB600A8A177 /* Resources */,
			);
			buildRules = (
			);
			dependencies = (
				8460C4941B412BB600A8A177 /* PBXTargetDependency */,
			);
			name = CycledViewTests;
			productName = CycledViewTests;
			productReference = 8460C4921B412BB600A8A177 /* CycledViewTests.xctest */;
			productType = "com.apple.product-type.bundle.unit-test";
		};
/* End PBXNativeTarget section */

/* Begin PBXProject section */
		8460C4711B412BB600A8A177 /* Project object */ = {
			isa = PBXProject;
			attributes = {
				LastUpgradeCheck = 0630;
				ORGANIZATIONNAME = "裕福";
				TargetAttributes = {
					8460C4781B412BB600A8A177 = {
						CreatedOnToolsVersion = 6.3.1;
					};
					8460C4911B412BB600A8A177 = {
						CreatedOnToolsVersion = 6.3.1;
						TestTargetID = 8460C4781B412BB600A8A177;
					};
				};
			};
			buildConfigurationList = 8460C4741B412BB600A8A177 /* Build configuration list for PBXProject "CycledView" */;
			compatibilityVersion = "Xcode 3.2";
			developmentRegion = English;
			hasScannedForEncodings = 0;
			knownRegions = (
				en,
				Base,
			);
			mainGroup = 8460C4701B412BB600A8A177;
			productRefGroup = 8460C47A1B412BB600A8A177 /* Products */;
			projectDirPath = "";
			projectRoot = "";
			targets = (
				8460C4781B412BB600A8A177 /* CycledView */,
				8460C4911B412BB600A8A177 /* CycledViewTests */,
			);
		};
/* End PBXProject section */

/* Begin PBXResourcesBuildPhase section */
		8460C4771B412BB600A8A177 /* Resources */ = {
			isa = PBXResourcesBuildPhase;
			buildActionMask = 2147483647;
			files = (
				8460C4881B412BB600A8A177 /* Main.storyboard in Resources */,
				8460C48D1B412BB600A8A177 /* LaunchScreen.xib in Resources */,
				8460C48A1B412BB600A8A177 /* Images.xcassets in Resources */,
			);
			runOnlyForDeploymentPostprocessing = 0;
		};
		8460C4901B412BB600A8A177 /* Resources */ = {
			isa = PBXResourcesBuildPhase;
			buildActionMask = 2147483647;
			files = (
			);
			runOnlyForDeploymentPostprocessing = 0;
		};
/* End PBXResourcesBuildPhase section */

/* Begin PBXSourcesBuildPhase section */
		8460C4751B412BB600A8A177 /* Sources */ = {
			isa = PBXSourcesBuildPhase;
			buildActionMask = 2147483647;
			files = (
				847228A51B413E4A009599A2 /* CycledViewController.m in Sources */,
				8460C4851B412BB600A8A177 /* ViewController.m in Sources */,
				8460C4821B412BB600A8A177 /* AppDelegate.m in Sources */,
				847228A81B413EAC009599A2 /* CycledView.m in Sources */,
				8460C47F1B412BB600A8A177 /* main.m in Sources */,
			);
			runOnlyForDeploymentPostprocessing = 0;
		};
		8460C48E1B412BB600A8A177 /* Sources */ = {
			isa = PBXSourcesBuildPhase;
			buildActionMask = 2147483647;
			files = (
				8460C4991B412BB600A8A177 /* CycledViewTests.m in Sources */,
			);
			runOnlyForDeploymentPostprocessing = 0;
		};
/* End PBXSourcesBuildPhase section */

/* Begin PBXTargetDependency section */
		8460C4941B412BB600A8A177 /* PBXTargetDependency */ = {
			isa = PBXTargetDependency;
			target = 8460C4781B412BB600A8A177 /* CycledView */;
			targetProxy = 8460C4931B412BB600A8A177 /* PBXContainerItemProxy */;
		};
/* End PBXTargetDependency section */

/* Begin PBXVariantGroup section */
		8460C4861B412BB600A8A177 /* Main.storyboard */ = {
			isa = PBXVariantGroup;
			children = (
				8460C4871B412BB600A8A177 /* Base */,
			);
			name = Main.storyboard;
			sourceTree = "<group>";
		};
		8460C48B1B412BB600A8A177 /* LaunchScreen.xib */ = {
			isa = PBXVariantGroup;
			children = (
				8460C48C1B412BB600A8A177 /* Base */,
			);
			name = LaunchScreen.xib;
			sourceTree = "<group>";
		};
/* End PBXVariantGroup section */

/* Begin XCBuildConfiguration section */
		8460C49A1B412BB600A8A177 /* Debug */ = {
			isa = XCBuildConfiguration;
			buildSettings = {
				ALWAYS_SEARCH_USER_PATHS = NO;
				CLANG_CXX_LANGUAGE_STANDARD = "gnu++0x";
				CLANG_CXX_LIBRARY = "libc++";
				CLANG_ENABLE_MODULES = YES;
				CLANG_ENABLE_OBJC_ARC = YES;
				CLANG_WARN_BOOL_CONVERSION = YES;
				CLANG_WARN_CONSTANT_CONVERSION = YES;
				CLANG_WARN_DIRECT_OBJC_ISA_USAGE = YES_ERROR;
				CLANG_WARN_EMPTY_BODY = YES;
				CLANG_WARN_ENUM_CONVERSION = YES;
				CLANG_WARN_INT_CONVERSION = YES;
				CLANG_WARN_OBJC_ROOT_CLASS = YES_ERROR;
				CLANG_WARN_UNREACHABLE_CODE = YES;
				CLANG_WARN__DUPLICATE_METHOD_MATCH = YES;
				"CODE_SIGN_IDENTITY[sdk=iphoneos*]" = "iPhone Developer";
				COPY_PHASE_STRIP = NO;
				DEBUG_INFORMATION_FORMAT = "dwarf-with-dsym";
				ENABLE_STRICT_OBJC_MSGSEND = YES;
				GCC_C_LANGUAGE_STANDARD = gnu99;
				GCC_DYNAMIC_NO_PIC = NO;
				GCC_NO_COMMON_BLOCKS = YES;
				GCC_OPTIMIZATION_LEVEL = 0;
				GCC_PREPROCESSOR_DEFINITIONS = (
					"DEBUG=1",
					"$(inherited)",
				);
				GCC_SYMBOLS_PRIVATE_EXTERN = NO;
				GCC_WARN_64_TO_32_BIT_CONVERSION = YES;
				GCC_WARN_ABOUT_RETURN_TYPE = YES_ERROR;
				GCC_WARN_UNDECLARED_SELECTOR = YES;
				GCC_WARN_UNINITIALIZED_AUTOS = YES_AGGRESSIVE;
				GCC_WARN_UNUSED_FUNCTION = YES;
				GCC_WARN_UNUSED_VARIABLE = YES;
				IPHONEOS_DEPLOYMENT_TARGET = 8.3;
				MTL_ENABLE_DEBUG_INFO = YES;
				ONLY_ACTIVE_ARCH = YES;
				SDKROOT = iphoneos;
				TARGETED_DEVICE_FAMILY = "1,2";
			};
			name = Debug;
		};
		8460C49B1B412BB600A8A177 /* Release */ = {
			isa = XCBuildConfiguration;
			buildSettings = {
				ALWAYS_SEARCH_USER_PATHS = NO;
				CLANG_CXX_LANGUAGE_STANDARD = "gnu++0x";
				CLANG_CXX_LIBRARY = "libc++";
				CLANG_ENABLE_MODULES = YES;
				CLANG_ENABLE_OBJC_ARC = YES;
				CLANG_WARN_BOOL_CONVERSION = YES;
				CLANG_WARN_CONSTANT_CONVERSION = YES;
				CLANG_WARN_DIRECT_OBJC_ISA_USAGE = YES_ERROR;
				CLANG_WARN_EMPTY_BODY = YES;
				CLANG_WARN_ENUM_CONVERSION = YES;
				CLANG_WARN_INT_CONVERSION = YES;
				CLANG_WARN_OBJC_ROOT_CLASS = YES_ERROR;
				CLANG_WARN_UNREACHABLE_CODE = YES;
				CLANG_WARN__DUPLICATE_METHOD_MATCH = YES;
				"CODE_SIGN_IDENTITY[sdk=iphoneos*]" = "iPhone Developer";
				COPY_PHASE_STRIP = NO;
				DEBUG_INFORMATION_FORMAT = "dwarf-with-dsym";
				ENABLE_NS_ASSERTIONS = NO;
				ENABLE_STRICT_OBJC_MSGSEND = YES;
				GCC_C_LANGUAGE_STANDARD = gnu99;
				GCC_NO_COMMON_BLOCKS = YES;
				GCC_WARN_64_TO_32_BIT_CONVERSION = YES;
				GCC_WARN_ABOUT_RETURN_TYPE = YES_ERROR;
				GCC_WARN_UNDECLARED_SELECTOR = YES;
				GCC_WARN_UNINITIALIZED_AUTOS = YES_AGGRESSIVE;
				GCC_WARN_UNUSED_FUNCTION = YES;
				GCC_WARN_UNUSED_VARIABLE = YES;
				IPHONEOS_DEPLOYMENT_TARGET = 8.3;
				MTL_ENABLE_DEBUG_INFO = NO;
				SDKROOT = iphoneos;
				TARGETED_DEVICE_FAMILY = "1,2";
				VALIDATE_PRODUCT = YES;
			};
			name = Release;
		};
		8460C49D1B412BB600A8A177 /* Debug */ = {
			isa = XCBuildConfiguration;
			buildSettings = {
				ASSETCATALOG_COMPILER_APPICON_NAME = AppIcon;
				INFOPLIST_FILE = CycledView/Info.plist;
				LD_RUNPATH_SEARCH_PATHS = "$(inherited) @executable_path/Frameworks";
				PRODUCT_NAME = "$(TARGET_NAME)";
			};
			name = Debug;
		};
		8460C49E1B412BB600A8A177 /* Release */ = {
			isa = XCBuildConfiguration;
			buildSettings = {
				ASSETCATALOG_COMPILER_APPICON_NAME = AppIcon;
				INFOPLIST_FILE = CycledView/Info.plist;
				LD_RUNPATH_SEARCH_PATHS = "$(inherited) @executable_path/Frameworks";
				PRODUCT_NAME = "$(TARGET_NAME)";
			};
			name = Release;
		};
		8460C4A01B412BB600A8A177 /* Debug */ = {
			isa = XCBuildConfiguration;
			buildSettings = {
				BUNDLE_LOADER = "$(TEST_HOST)";
				FRAMEWORK_SEARCH_PATHS = (
					"$(SDKROOT)/Developer/Library/Frameworks",
					"$(inherited)",
				);
				GCC_PREPROCESSOR_DEFINITIONS = (
					"DEBUG=1",
					"$(inherited)",
				);
				INFOPLIST_FILE = CycledViewTests/Info.plist;
				LD_RUNPATH_SEARCH_PATHS = "$(inherited) @executable_path/Frameworks @loader_path/Frameworks";
				PRODUCT_NAME = "$(TARGET_NAME)";
				TEST_HOST = "$(BUILT_PRODUCTS_DIR)/CycledView.app/CycledView";
			};
			name = Debug;
		};
		8460C4A11B412BB600A8A177 /* Release */ = {
			isa = XCBuildConfiguration;
			buildSettings = {
				BUNDLE_LOADER = "$(TEST_HOST)";
				FRAMEWORK_SEARCH_PATHS = (
					"$(SDKROOT)/Developer/Library/Frameworks",
					"$(inherited)",
				);
				INFOPLIST_FILE = CycledViewTests/Info.plist;
				LD_RUNPATH_SEARCH_PATHS = "$(inherited) @executable_path/Frameworks @loader_path/Frameworks";
				PRODUCT_NAME = "$(TARGET_NAME)";
				TEST_HOST = "$(BUILT_PRODUCTS_DIR)/CycledView.app/CycledView";
			};
			name = Release;
		};
/* End XCBuildConfiguration section */

/* Begin XCConfigurationList section */
		8460C4741B412BB600A8A177 /* Build configuration list for PBXProject "CycledView" */ = {
			isa = XCConfigurationList;
			buildConfigurations = (
				8460C49A1B412BB600A8A177 /* Debug */,
				8460C49B1B412BB600A8A177 /* Release */,
			);
			defaultConfigurationIsVisible = 0;
			defaultConfigurationName = Release;
		};
		8460C49C1B412BB600A8A177 /* Build configuration list for PBXNativeTarget "CycledView" */ = {
			isa = XCConfigurationList;
			buildConfigurations = (
				8460C49D1B412BB600A8A177 /* Debug */,
				8460C49E1B412BB600A8A177 /* Release */,
			);
			defaultConfigurationIsVisible = 0;
			defaultConfigurationName = Release;
		};
		8460C49F1B412BB600A8A177 /* Build configuration list for PBXNativeTarget "CycledViewTests" */ = {
			isa = XCConfigurationList;
			buildConfigurations = (
				8460C4A01B412BB600A8A177 /* Debug */,
				8460C4A11B412BB600A8A177 /* Release */,
			);
			defaultConfigurationIsVisible = 0;
			defaultConfigurationName = Release;
		};
/* End XCConfigurationList section */
	};
	rootObject = 8460C4711B412BB600A8A177 /* Project object */;
}
